
Microsoft Visual Studio Solution File, Format Version 12.00
# Visual Studio 15
VisualStudioVersion = 15.0.27428.2043
MinimumVisualStudioVersion = 10.0.40219.1
Project("{FAE04EC0-301F-11D3-BF4B-00C04F79EFBC}") = "FitnessWarrors.Android", "FitnessWarrors\FitnessWarrors.Android\FitnessWarrors.Android.csproj", "{05A47D48-142F-4810-A91A-4F70B396ED60}"
EndProject
Project("{FAE04EC0-301F-11D3-BF4B-00C04F79EFBC}") = "FitnessWarrors.iOS", "FitnessWarrors\FitnessWarrors.iOS\FitnessWarrors.iOS.csproj", "{5D7C744D-2842-43B1-8265-1873ED72621B}"
EndProject
Project("{FAE04EC0-301F-11D3-BF4B-00C04F79EFBC}") = "FitnessWarrors", "FitnessWarrors\FitnessWarrors\FitnessWarrors.csproj", "{03264C09-1F43-4DE1-8E07-731FD899CE9C}"
EndProject
Global
	GlobalSection(SolutionConfigurationPlatforms) = preSolution
		Ad-Hoc|Any CPU = Ad-Hoc|Any CPU
		Ad-Hoc|iPhone = Ad-Hoc|iPhone
		Ad-Hoc|iPhoneSimulator = Ad-Hoc|iPhoneSimulator
		AppStore|Any CPU = AppStore|Any CPU
		AppStore|iPhone = AppStore|iPhone
		AppStore|iPhoneSimulator = AppStore|iPhoneSimulator
		Debug|Any CPU = Debug|Any CPU
		Debug|iPhone = Debug|iPhone
		Debug|iPhoneSimulator = Debug|iPhoneSimulator
		Release|Any CPU = Release|Any CPU
		Release|iPhone = Release|iPhone
		Release|iPhoneSimulator = Release|iPhoneSimulator
	EndGlobalSection
	GlobalSection(ProjectConfigurationPlatforms) = postSolution
		{05A47D48-142F-4810-A91A-4F70B396ED60}.Ad-Hoc|Any CPU.ActiveCfg = Release|Any CPU
		{05A47D48-142F-4810-A91A-4F70B396ED60}.Ad-Hoc|Any CPU.Build.0 = Release|Any CPU
		{05A47D48-142F-4810-A91A-4F70B396ED60}.Ad-Hoc|Any CPU.Deploy.0 = Release|Any CPU
		{05A47D48-142F-4810-A91A-4F70B396ED60}.Ad-Hoc|iPhone.ActiveCfg = Release|Any CPU
		{05A47D48-142F-4810-A91A-4F70B396ED60}.Ad-Hoc|iPhone.Build.0 = Release|Any CPU
		{05A47D48-142F-4810-A91A-4F70B396ED60}.Ad-Hoc|iPhone.Deploy.0 = Release|Any CPU
		{05A47D48-142F-4810-A91A-4F70B396ED60}.Ad-Hoc|iPhoneSimulator.ActiveCfg = Release|Any CPU
		{05A47D48-142F-4810-A91A-4F70B396ED60}.Ad-Hoc|iPhoneSimulator.Build.0 = Release|Any CPU
		{05A47D48-142F-4810-A91A-4F70B396ED60}.Ad-Hoc|iPhoneSimulator.Deploy.0 = Release|Any CPU
		{05A47D48-142F-4810-A91A-4F70B396ED60}.AppStore|Any CPU.ActiveCfg = Release|Any CPU
		{05A47D48-142F-4810-A91A-4F70B396ED60}.AppStore|Any CPU.Build.0 = Release|Any CPU
		{05A47D48-142F-4810-A91A-4F70B396ED60}.AppStore|Any CPU.Deploy.0 = Release|Any CPU
		{05A47D48-142F-4810-A91A-4F70B396ED60}.AppStore|iPhone.ActiveCfg = Release|Any CPU
		{05A47D48-142F-4810-A91A-4F70B396ED60}.AppStore|iPhone.Build.0 = Release|Any CPU
		{05A47D48-142F-4810-A91A-4F70B396ED60}.AppStore|iPhone.Deploy.0 = Release|Any CPU
		{05A47D48-142F-4810-A91A-4F70B396ED60}.AppStore|iPhoneSimulator.ActiveCfg = Release|Any CPU
		{05A47D48-142F-4810-A91A-4F70B396ED60}.AppStore|iPhoneSimulator.Build.0 = Release|Any CPU
		{05A47D48-142F-4810-A91A-4F70B396ED60}.AppStore|iPhoneSimulator.Deploy.0 = Release|Any CPU
		{05A47D48-142F-4810-A91A-4F70B396ED60}.Debug|Any CPU.ActiveCfg = Debug|Any CPU
		{05A47D48-142F-4810-A91A-4F70B396ED60}.Debug|Any CPU.Build.0 = Debug|Any CPU
		{05A47D48-142F-4810-A91A-4F70B396ED60}.Debug|Any CPU.Deploy.0 = Debug|Any CPU
		{05A47D48-142F-4810-A91A-4F70B396ED60}.Debug|iPhone.ActiveCfg = Debug|Any CPU
		{05A47D48-142F-4810-A91A-4F70B396ED60}.Debug|iPhone.Build.0 = Debug|Any CPU
		{05A47D48-142F-4810-A91A-4F70B396ED60}.Debug|iPhone.Deploy.0 = Debug|Any CPU
		{05A47D48-142F-4810-A91A-4F70B396ED60}.Debug|iPhoneSimulator.ActiveCfg = Debug|Any CPU
		{05A47D48-142F-4810-A91A-4F70B396ED60}.Debug|iPhoneSimulator.Build.0 = Debug|Any CPU
		{05A47D48-142F-4810-A91A-4F70B396ED60}.Debug|iPhoneSimulator.Deploy.0 = Debug|Any CPU
		{05A47D48-142F-4810-A91A-4F70B396ED60}.Release|Any CPU.ActiveCfg = Release|Any CPU
		{05A47D48-142F-4810-A91A-4F70B396ED60}.Release|Any CPU.Build.0 = Release|Any CPU
		{05A47D48-142F-4810-A91A-4F70B396ED60}.Release|Any CPU.Deploy.0 = Release|Any CPU
		{05A47D48-142F-4810-A91A-4F70B396ED60}.Release|iPhone.ActiveCfg = Release|Any CPU
		{05A47D48-142F-4810-A91A-4F70B396ED60}.Release|iPhone.Build.0 = Release|Any CPU
		{05A47D48-142F-4810-A91A-4F70B396ED60}.Release|iPhone.Deploy.0 = Release|Any CPU
		{05A47D48-142F-4810-A91A-4F70B396ED60}.Release|iPhoneSimulator.ActiveCfg = Release|Any CPU
		{05A47D48-142F-4810-A91A-4F70B396ED60}.Release|iPhoneSimulator.Build.0 = Release|Any CPU
		{05A47D48-142F-4810-A91A-4F70B396ED60}.Release|iPhoneSimulator.Deploy.0 = Release|Any CPU
		{5D7C744D-2842-43B1-8265-1873ED72621B}.Ad-Hoc|Any CPU.ActiveCfg = Ad-Hoc|iPhone
		{5D7C744D-2842-43B1-8265-1873ED72621B}.Ad-Hoc|iPhone.ActiveCfg = Ad-Hoc|iPhone
		{5D7C744D-2842-43B1-8265-1873ED72621B}.Ad-Hoc|iPhone.Build.0 = Ad-Hoc|iPhone
		{5D7C744D-2842-43B1-8265-1873ED72621B}.Ad-Hoc|iPhoneSimulator.ActiveCfg = Ad-Hoc|iPhoneSimulator
		{5D7C744D-2842-43B1-8265-1873ED72621B}.Ad-Hoc|iPhoneSimulator.Build.0 = Ad-Hoc|iPhoneSimulator
		{5D7C744D-2842-43B1-8265-1873ED72621B}.AppStore|Any CPU.ActiveCfg = AppStore|iPhone
		{5D7C744D-2842-43B1-8265-1873ED72621B}.AppStore|iPhone.ActiveCfg = AppStore|iPhone
		{5D7C744D-2842-43B1-8265-1873ED72621B}.AppStore|iPhone.Build.0 = AppStore|iPhone
		{5D7C744D-2842-43B1-8265-1873ED72621B}.AppStore|iPhoneSimulator.ActiveCfg = AppStore|iPhoneSimulator
		{5D7C744D-2842-43B1-8265-1873ED72621B}.AppStore|iPhoneSimulator.Build.0 = AppStore|iPhoneSimulator
		{5D7C744D-2842-43B1-8265-1873ED72621B}.Debug|Any CPU.ActiveCfg = Debug|iPhone
		{5D7C744D-2842-43B1-8265-1873ED72621B}.Debug|iPhone.ActiveCfg = Debug|iPhone
		{5D7C744D-2842-43B1-8265-1873ED72621B}.Debug|iPhone.Build.0 = Debug|iPhone
		{5D7C744D-2842-43B1-8265-1873ED72621B}.Debug|iPhoneSimulator.ActiveCfg = Debug|iPhoneSimulator
		{5D7C744D-2842-43B1-8265-1873ED72621B}.Debug|iPhoneSimulator.Build.0 = Debug|iPhoneSimulator
		{5D7C744D-2842-43B1-8265-1873ED72621B}.Release|Any CPU.ActiveCfg = Release|iPhone
		{5D7C744D-2842-43B1-8265-1873ED72621B}.Release|iPhone.ActiveCfg = Release|iPhone
		{5D7C744D-2842-43B1-8265-1873ED72621B}.Release|iPhone.Build.0 = Release|iPhone
		{5D7C744D-2842-43B1-8265-1873ED72621B}.Release|iPhoneSimulator.ActiveCfg = Release|iPhoneSimulator
		{5D7C744D-2842-43B1-8265-1873ED72621B}.Release|iPhoneSimulator.Build.0 = Release|iPhoneSimulator
		{03264C09-1F43-4DE1-8E07-731FD899CE9C}.Ad-Hoc|Any CPU.ActiveCfg = Debug|Any CPU
		{03264C09-1F43-4DE1-8E07-731FD899CE9C}.Ad-Hoc|Any CPU.Build.0 = Debug|Any CPU
		{03264C09-1F43-4DE1-8E07-731FD899CE9C}.Ad-Hoc|iPhone.ActiveCfg = Debug|Any CPU
		{03264C09-1F43-4DE1-8E07-731FD899CE9C}.Ad-Hoc|iPhone.Build.0 = Debug|Any CPU
		{03264C09-1F43-4DE1-8E07-731FD899CE9C}.Ad-Hoc|iPhoneSimulator.ActiveCfg = Debug|Any CPU
		{03264C09-1F43-4DE1-8E07-731FD899CE9C}.Ad-Hoc|iPhoneSimulator.Build.0 = Debug|Any CPU
		{03264C09-1F43-4DE1-8E07-731FD899CE9C}.AppStore|Any CPU.ActiveCfg = Debug|Any CPU
		{03264C09-1F43-4DE1-8E07-731FD899CE9C}.AppStore|Any CPU.Build.0 = Debug|Any CPU
		{03264C09-1F43-4DE1-8E07-731FD899CE9C}.AppStore|iPhone.ActiveCfg = Debug|Any CPU
		{03264C09-1F43-4DE1-8E07-731FD899CE9C}.AppStore|iPhone.Build.0 = Debug|Any CPU
		{03264C09-1F43-4DE1-8E07-731FD899CE9C}.AppStore|iPhoneSimulator.ActiveCfg = Debug|Any CPU
		{03264C09-1F43-4DE1-8E07-731FD899CE9C}.AppStore|iPhoneSimulator.Build.0 = Debug|Any CPU
		{03264C09-1F43-4DE1-8E07-731FD899CE9C}.Debug|Any CPU.ActiveCfg = Debug|Any CPU
		{03264C09-1F43-4DE1-8E07-731FD899CE9C}.Debug|Any CPU.Build.0 = Debug|Any CPU
		{03264C09-1F43-4DE1-8E07-731FD899CE9C}.Debug|iPhone.ActiveCfg = Debug|Any CPU
		{03264C09-1F43-4DE1-8E07-731FD899CE9C}.Debug|iPhone.Build.0 = Debug|Any CPU
		{03264C09-1F43-4DE1-8E07-731FD899CE9C}.Debug|iPhoneSimulator.ActiveCfg = Debug|Any CPU
		{03264C09-1F43-4DE1-8E07-731FD899CE9C}.Debug|iPhoneSimulator.Build.0 = Debug|Any CPU
		{03264C09-1F43-4DE1-8E07-731FD899CE9C}.Release|Any CPU.ActiveCfg = Release|Any CPU
		{03264C09-1F43-4DE1-8E07-731FD899CE9C}.Release|Any CPU.Build.0 = Release|Any CPU
		{03264C09-1F43-4DE1-8E07-731FD899CE9C}.Release|iPhone.ActiveCfg = Release|Any CPU
		{03264C09-1F43-4DE1-8E07-731FD899CE9C}.Release|iPhone.Build.0 = Release|Any CPU
		{03264C09-1F43-4DE1-8E07-731FD899CE9C}.Release|iPhoneSimulator.ActiveCfg = Release|Any CPU
		{03264C09-1F43-4DE1-8E07-731FD899CE9C}.Release|iPhoneSimulator.Build.0 = Release|Any CPU
	EndGlobalSection
	GlobalSection(SolutionProperties) = preSolution
		HideSolutionNode = FALSE
	EndGlobalSection
	GlobalSection(ExtensibilityGlobals) = postSolution
		SolutionGuid = {B2F2FC4C-8D4E-418A-ADF4-3DE2816F101E}
	EndGlobalSection
EndGlobal
